<?xml version="1.0" encoding="utf-8"?>
<Project ToolsVersion="4.0" xmlns="http://schemas.microsoft.com/developer/msbuild/2003">
  <ItemGroup>
    <Filter Include="Source Files">
      <UniqueIdentifier>{4FC737F1-C7A5-4376-A066-2A32D752A2FF}</UniqueIdentifier>
      <Extensions>cpp;c;cc;cxx;def;odl;idl;hpj;bat;asm;asmx</Extensions>
    </Filter>
    <Filter Include="Header Files">
      <UniqueIdentifier>{93995380-89BD-4b04-88EB-625FBE52EBFB}</UniqueIdentifier>
      <Extensions>h;hpp;hxx;hm;inl;inc;xsd</Extensions>
    </Filter>
    <Filter Include="Source Files\Graphics">
      <UniqueIdentifier>{637e2ae7-811f-41c3-84ce-7594bd6a69bd}</UniqueIdentifier>
    </Filter>
    <Filter Include="Source Files\Main">
      <UniqueIdentifier>{a00fbadc-0533-461e-9982-45e35683f6ce}</UniqueIdentifier>
    </Filter>
    <Filter Include="Header Files\Graphics">
      <UniqueIdentifier>{58b744cf-28a2-491d-aee7-89aa38e0347c}</UniqueIdentifier>
    </Filter>
    <Filter Include="Header Files\Input">
      <UniqueIdentifier>{1f8db86a-7794-414a-ad4d-1481fc97ffc9}</UniqueIdentifier>
    </Filter>
    <Filter Include="Header Files\Main">
      <UniqueIdentifier>{ca0eb21a-437b-4ce3-b867-7ed184c4d70a}</UniqueIdentifier>
    </Filter>
    <Filter Include="Header Files\Model">
      <UniqueIdentifier>{cc187899-cad9-4815-b799-fa4d68c550fd}</UniqueIdentifier>
    </Filter>
    <Filter Include="Source Files\Model">
      <UniqueIdentifier>{8ef2f32e-7a49-4fd5-b01e-52406c43c182}</UniqueIdentifier>
    </Filter>
    <Filter Include="Header Files\Graphics\Shaders">
      <UniqueIdentifier>{3a7cd38b-63f9-424d-a50f-187d40cfb216}</UniqueIdentifier>
    </Filter>
    <Filter Include="Header Files\Graphics\Camera">
      <UniqueIdentifier>{e6354911-a84f-4810-b095-d2e8f6c7833e}</UniqueIdentifier>
    </Filter>
    <Filter Include="Source Files\Graphics\Camera">
      <UniqueIdentifier>{894bb54a-ac64-4c00-8eb6-66390115c3d2}</UniqueIdentifier>
    </Filter>
    <Filter Include="Source Files\Graphics\Shaders">
      <UniqueIdentifier>{6de81287-4fa4-4792-af71-0470d9d73724}</UniqueIdentifier>
    </Filter>
    <Filter Include="Header Files\Graphics\Text">
      <UniqueIdentifier>{8e19c791-6473-4ac9-b042-b8f3543b8325}</UniqueIdentifier>
    </Filter>
    <Filter Include="Source Files\Graphics\Text">
      <UniqueIdentifier>{3d9dfcbd-3b90-498c-b78f-eaffb16848e4}</UniqueIdentifier>
    </Filter>
    <Filter Include="Header Files\Main\Utils">
      <UniqueIdentifier>{83c2ac79-5f75-4448-9f38-65418f1f5a29}</UniqueIdentifier>
    </Filter>
    <Filter Include="Source Files\Main\Util">
      <UniqueIdentifier>{c451b756-15e8-470a-939f-25d6a0ddd485}</UniqueIdentifier>
    </Filter>
    <Filter Include="Resource Files">
      <UniqueIdentifier>{67DA6AB6-F800-4c08-8B7A-83BB121AAD01}</UniqueIdentifier>
      <Extensions>rc;ico;cur;bmp;dlg;rc2;rct;bin;rgs;gif;jpg;jpeg;jpe;resx;tiff;tif;png;wav;mfcribbon-ms</Extensions>
    </Filter>
    <Filter Include="Resource Files\Shaders">
      <UniqueIdentifier>{ea869218-4459-4f5e-8063-eed2cfac73e5}</UniqueIdentifier>
      <ParseFiles>false</ParseFiles>
    </Filter>
    <Filter Include="Resource Files\Textures">
      <UniqueIdentifier>{3ec2bc63-8649-4e9a-8b55-a900dad2e192}</UniqueIdentifier>
    </Filter>
    <Filter Include="Resource Files\Models">
      <UniqueIdentifier>{f9783964-16ee-451d-8324-07ebd5b05754}</UniqueIdentifier>
    </Filter>
    <Filter Include="Resource Files\Fonts">
      <UniqueIdentifier>{a1c3aa17-ad54-4747-a84c-7553e7552ff5}</UniqueIdentifier>
    </Filter>
    <Filter Include="Source Files\Input">
      <UniqueIdentifier>{31ee3ab3-8a84-45bb-8590-8fec8f60e259}</UniqueIdentifier>
    </Filter>
    <Filter Include="Resource Files\Terrain">
      <UniqueIdentifier>{34884fb8-87ef-483f-bea5-bb776dc1c5ee}</UniqueIdentifier>
    </Filter>
    <Filter Include="Header Files\Model\Environment">
      <UniqueIdentifier>{4c3b55f5-af0a-433a-8dc2-3a472716075e}</UniqueIdentifier>
    </Filter>
    <Filter Include="Source Files\Model\Environment">
      <UniqueIdentifier>{911aadbf-3951-47c7-937d-fa49a1dcf1d7}</UniqueIdentifier>
    </Filter>
    <Filter Include="Resource Files\Shaders\Pixel">
      <UniqueIdentifier>{65f63ef8-f05b-439e-a287-eca9e361b453}</UniqueIdentifier>
    </Filter>
    <Filter Include="Resource Files\Shaders\Vertex">
      <UniqueIdentifier>{113fdeb9-d6a7-4a2a-9f33-acf31d6fdcd6}</UniqueIdentifier>
    </Filter>
  </ItemGroup>
  <ItemGroup>
    <ClCompile Include="WinMain.cpp">
      <Filter>Source Files\Main</Filter>
    </ClCompile>
    <ClCompile Include="mousecursor.cpp">
      <Filter>Source Files\Model</Filter>
    </ClCompile>
    <ClCompile Include="camera.cpp">
      <Filter>Source Files\Graphics\Camera</Filter>
    </ClCompile>
    <ClCompile Include="frustum.cpp">
      <Filter>Source Files\Graphics\Camera</Filter>
    </ClCompile>
    <ClCompile Include="fontshader.cpp">
      <Filter>Source Files\Graphics\Shaders</Filter>
    </ClCompile>
    <ClCompile Include="light.cpp">
      <Filter>Source Files\Graphics\Shaders</Filter>
    </ClCompile>
    <ClCompile Include="lightshader.cpp">
      <Filter>Source Files\Graphics\Shaders</Filter>
    </ClCompile>
    <ClCompile Include="textureshader.cpp">
      <Filter>Source Files\Graphics\Shaders</Filter>
    </ClCompile>
    <ClCompile Include="font.cpp">
      <Filter>Source Files\Graphics\Text</Filter>
    </ClCompile>
    <ClCompile Include="text.cpp">
      <Filter>Source Files\Graphics\Text</Filter>
    </ClCompile>
    <ClCompile Include="d3d.cpp">
      <Filter>Source Files\Graphics</Filter>
    </ClCompile>
    <ClCompile Include="graphics.cpp">
      <Filter>Source Files\Graphics</Filter>
    </ClCompile>
    <ClCompile Include="input.cpp">
      <Filter>Source Files\Input</Filter>
    </ClCompile>
    <ClCompile Include="cpu.cpp">
      <Filter>Source Files\Main\Util</Filter>
    </ClCompile>
    <ClCompile Include="fps.cpp">
      <Filter>Source Files\Main\Util</Filter>
    </ClCompile>
    <ClCompile Include="timer.cpp">
      <Filter>Source Files\Main\Util</Filter>
    </ClCompile>
    <ClCompile Include="system.cpp">
      <Filter>Source Files\Main</Filter>
    </ClCompile>
    <ClCompile Include="bitmap.cpp">
      <Filter>Source Files\Model</Filter>
    </ClCompile>
    <ClCompile Include="model.cpp">
      <Filter>Source Files\Model</Filter>
    </ClCompile>
    <ClCompile Include="modellist.cpp">
      <Filter>Source Files\Model</Filter>
    </ClCompile>
    <ClCompile Include="texture.cpp">
      <Filter>Source Files\Model</Filter>
    </ClCompile>
    <ClCompile Include="shadermanager.cpp">
      <Filter>Source Files\Graphics\Shaders</Filter>
    </ClCompile>
    <ClCompile Include="bumpmapshader.cpp">
      <Filter>Source Files\Graphics\Shaders</Filter>
    </ClCompile>
    <ClCompile Include="bumpmodel.cpp">
      <Filter>Source Files\Model</Filter>
    </ClCompile>
    <ClCompile Include="state.cpp">
      <Filter>Source Files\Model</Filter>
    </ClCompile>
    <ClCompile Include="colorshader.cpp">
      <Filter>Source Files\Graphics\Shaders</Filter>
    </ClCompile>
    <ClCompile Include="terrainshader.cpp">
      <Filter>Source Files\Graphics\Shaders</Filter>
    </ClCompile>
    <ClCompile Include="tank.cpp">
      <Filter>Source Files\Model</Filter>
    </ClCompile>
    <ClCompile Include="terrain.cpp">
      <Filter>Source Files\Model\Environment</Filter>
    </ClCompile>
    <ClCompile Include="quadtree.cpp">
      <Filter>Source Files\Model\Environment</Filter>
    </ClCompile>
    <ClCompile Include="skydome.cpp">
      <Filter>Source Files\Model\Environment</Filter>
    </ClCompile>
    <ClCompile Include="skydomeshader.cpp">
      <Filter>Source Files\Graphics\Shaders</Filter>
    </ClCompile>
  </ItemGroup>
  <ItemGroup>
    <ClInclude Include="mousecursor.h">
      <Filter>Header Files\Model</Filter>
    </ClInclude>
    <ClInclude Include="arraylist.h">
      <Filter>Header Files\Main\Utils</Filter>
    </ClInclude>
    <ClInclude Include="model.h">
      <Filter>Header Files\Model</Filter>
    </ClInclude>
    <ClInclude Include="bitmap.h">
      <Filter>Header Files\Model</Filter>
    </ClInclude>
    <ClInclude Include="modellist.h">
      <Filter>Header Files\Model</Filter>
    </ClInclude>
    <ClInclude Include="graphics.h">
      <Filter>Header Files\Graphics</Filter>
    </ClInclude>
    <ClInclude Include="cpu.h">
      <Filter>Header Files\Main\Utils</Filter>
    </ClInclude>
    <ClInclude Include="camera.h">
      <Filter>Header Files\Graphics\Camera</Filter>
    </ClInclude>
    <ClInclude Include="frustum.h">
      <Filter>Header Files\Graphics\Camera</Filter>
    </ClInclude>
    <ClInclude Include="fontshader.h">
      <Filter>Header Files\Graphics\Shaders</Filter>
    </ClInclude>
    <ClInclude Include="lightshader.h">
      <Filter>Header Files\Graphics\Shaders</Filter>
    </ClInclude>
    <ClInclude Include="textureshader.h">
      <Filter>Header Files\Graphics\Shaders</Filter>
    </ClInclude>
    <ClInclude Include="input.h">
      <Filter>Header Files\Input</Filter>
    </ClInclude>
    <ClInclude Include="fps.h">
      <Filter>Header Files\Main\Utils</Filter>
    </ClInclude>
    <ClInclude Include="timer.h">
      <Filter>Header Files\Main\Utils</Filter>
    </ClInclude>
    <ClInclude Include="system.h">
      <Filter>Header Files\Main</Filter>
    </ClInclude>
    <ClInclude Include="texture.h">
      <Filter>Header Files\Model</Filter>
    </ClInclude>
    <ClInclude Include="font.h">
      <Filter>Header Files\Graphics\Text</Filter>
    </ClInclude>
    <ClInclude Include="text.h">
      <Filter>Header Files\Graphics\Text</Filter>
    </ClInclude>
    <ClInclude Include="d3d.h">
      <Filter>Header Files\Graphics</Filter>
    </ClInclude>
    <ClInclude Include="light.h">
      <Filter>Header Files\Graphics\Shaders</Filter>
    </ClInclude>
    <ClInclude Include="shadermanager.h">
      <Filter>Header Files\Graphics\Shaders</Filter>
    </ClInclude>
    <ClInclude Include="bumpmapshader.h">
      <Filter>Header Files\Graphics\Shaders</Filter>
    </ClInclude>
    <ClInclude Include="bumpmodel.h">
      <Filter>Header Files\Model</Filter>
    </ClInclude>
    <ClInclude Include="tank.h">
      <Filter>Header Files\Model</Filter>
    </ClInclude>
    <ClInclude Include="state.h">
      <Filter>Header Files\Model</Filter>
    </ClInclude>
    <ClInclude Include="colorshader.h">
      <Filter>Header Files\Graphics\Shaders</Filter>
    </ClInclude>
    <ClInclude Include="terrainshader.h">
      <Filter>Header Files\Graphics\Shaders</Filter>
    </ClInclude>
    <ClInclude Include="terrain.h">
      <Filter>Header Files\Model\Environment</Filter>
    </ClInclude>
    <ClInclude Include="quadtree.h">
      <Filter>Header Files\Model\Environment</Filter>
    </ClInclude>
    <ClInclude Include="skydome.h">
      <Filter>Header Files\Model\Environment</Filter>
    </ClInclude>
    <ClInclude Include="skydomeshader.h">
      <Filter>Header Files\Graphics\Shaders</Filter>
    </ClInclude>
  </ItemGroup>
  <ItemGroup>
    <None Include="bumpmap.ps.hlsl">
      <Filter>Resource Files\Shaders\Pixel</Filter>
    </None>
    <None Include="color.ps.hlsl">
      <Filter>Resource Files\Shaders\Pixel</Filter>
    </None>
    <None Include="font.ps.hlsl">
      <Filter>Resource Files\Shaders\Pixel</Filter>
    </None>
    <None Include="light.ps.hlsl">
      <Filter>Resource Files\Shaders\Pixel</Filter>
    </None>
    <None Include="skydome.ps.hlsl">
      <Filter>Resource Files\Shaders\Pixel</Filter>
    </None>
    <None Include="terrain.ps.hlsl">
      <Filter>Resource Files\Shaders\Pixel</Filter>
    </None>
    <None Include="texture.ps.hlsl">
      <Filter>Resource Files\Shaders\Pixel</Filter>
    </None>
    <None Include="bumpmap.vs.hlsl">
      <Filter>Resource Files\Shaders\Vertex</Filter>
    </None>
    <None Include="color.vs.hlsl">
      <Filter>Resource Files\Shaders\Vertex</Filter>
    </None>
    <None Include="font.vs.hlsl">
      <Filter>Resource Files\Shaders\Vertex</Filter>
    </None>
    <None Include="light.vs.hlsl">
      <Filter>Resource Files\Shaders\Vertex</Filter>
    </None>
    <None Include="skydome.vs.hlsl">
      <Filter>Resource Files\Shaders\Vertex</Filter>
    </None>
    <None Include="terrain.vs.hlsl">
      <Filter>Resource Files\Shaders\Vertex</Filter>
    </None>
    <None Include="texture.vs.hlsl">
      <Filter>Resource Files\Shaders\Vertex</Filter>
    </None>
  </ItemGroup>
  <ItemGroup>
    <Image Include="data\rocky.dds">
      <Filter>Resource Files\Textures</Filter>
    </Image>
    <Image Include="data\seafloor.dds">
      <Filter>Resource Files\Textures</Filter>
    </Image>
    <Image Include="data\font.dds">
      <Filter>Resource Files\Fonts</Filter>
    </Image>
    <Image Include="data\Am8.dds">
      <Filter>Resource Files\Textures</Filter>
    </Image>
    <Image Include="data\Am13.dds">
      <Filter>Resource Files\Textures</Filter>
    </Image>
    <Image Include="data\crosshairs.dds">
      <Filter>Resource Files\Textures</Filter>
    </Image>
    <Image Include="data\cursor.dds">
      <Filter>Resource Files\Textures</Filter>
    </Image>
    <Image Include="data\heightmap01.bmp">
      <Filter>Resource Files\Terrain</Filter>
    </Image>
  </ItemGroup>
  <ItemGroup>
    <Text Include="data\cube.txt">
      <Filter>Resource Files\Models</Filter>
    </Text>
    <Text Include="data\fontdata.txt">
      <Filter>Resource Files\Fonts</Filter>
    </Text>
    <Text Include="data\asteroid1.txt">
      <Filter>Resource Files\Models</Filter>
    </Text>
    <Text Include="data\asteroid2.txt">
      <Filter>Resource Files\Models</Filter>
    </Text>
    <Text Include="data\sphere.txt">
      <Filter>Resource Files\Models</Filter>
    </Text>
  </ItemGroup>
</Project>