
Microsoft Visual Studio Solution File, Format Version 12.00
# Visual Studio 2012
Project("{8BC9CEB8-8B4A-11D0-8D11-00A0C91BC942}") = "COMP3501", "COMP3501\COMP3501.vcxproj", "{019FD2AD-E230-41D2-8B2F-C26D4C19F99F}"
EndProject
Global
	GlobalSection(SolutionConfigurationPlatforms) = preSolution
		Debug|Win32 = Debug|Win32
		Release|Win32 = Release|Win32
	EndGlobalSection
	GlobalSection(ProjectConfigurationPlatforms) = postSolution
		{019FD2AD-E230-41D2-8B2F-C26D4C19F99F}.Debug|Win32.ActiveCfg = Debug|Win32
		{019FD2AD-E230-41D2-8B2F-C26D4C19F99F}.Debug|Win32.Build.0 = Debug|Win32
		{019FD2AD-E230-41D2-8B2F-C26D4C19F99F}.Release|Win32.ActiveCfg = Release|Win32
		{019FD2AD-E230-41D2-8B2F-C26D4C19F99F}.Release|Win32.Build.0 = Release|Win32
	EndGlobalSection
	GlobalSection(SolutionProperties) = preSolution
		HideSolutionNode = FALSE
	EndGlobalSection
EndGlobal
